
Microsoft Visual Studio Solution File, Format Version 12.00
# Visual Studio 15
VisualStudioVersion = 15.0.27130.2020
MinimumVisualStudioVersion = 10.0.40219.1
Project("{9A19103F-16F7-4668-BE54-9A1E7A4F7556}") = "CapgeminiSample", "CapgeminiSample\CapgeminiSample.csproj", "{EA4EA54F-68C7-4C94-90C2-71F82F79396C}"
EndProject
Project("{FAE04EC0-301F-11D3-BF4B-00C04F79EFBC}") = "CapgeminiSample.Tests", "CapgeminiSample.Tests\CapgeminiSample.Tests.csproj", "{DC1A940C-3316-4C6E-A991-98F4521173C4}"
EndProject
Project("{FAE04EC0-301F-11D3-BF4B-00C04F79EFBC}") = "CapgeminiSample.Core", "CapgeminiSample.Core\CapgeminiSample.Core.csproj", "{7030DAFA-32AC-4787-BAE5-D05B5CEDB035}"
EndProject
Project("{FAE04EC0-301F-11D3-BF4B-00C04F79EFBC}") = "CapgeminiSample.Data", "CapgeminiSample.Data\CapgeminiSample.Data.csproj", "{548534B7-B85D-4467-AA6B-7CC438CCA82C}"
EndProject
Global
	GlobalSection(SolutionConfigurationPlatforms) = preSolution
		Debug|Any CPU = Debug|Any CPU
		Release|Any CPU = Release|Any CPU
	EndGlobalSection
	GlobalSection(ProjectConfigurationPlatforms) = postSolution
		{EA4EA54F-68C7-4C94-90C2-71F82F79396C}.Debug|Any CPU.ActiveCfg = Debug|Any CPU
		{EA4EA54F-68C7-4C94-90C2-71F82F79396C}.Debug|Any CPU.Build.0 = Debug|Any CPU
		{EA4EA54F-68C7-4C94-90C2-71F82F79396C}.Release|Any CPU.ActiveCfg = Release|Any CPU
		{EA4EA54F-68C7-4C94-90C2-71F82F79396C}.Release|Any CPU.Build.0 = Release|Any CPU
		{DC1A940C-3316-4C6E-A991-98F4521173C4}.Debug|Any CPU.ActiveCfg = Debug|Any CPU
		{DC1A940C-3316-4C6E-A991-98F4521173C4}.Debug|Any CPU.Build.0 = Debug|Any CPU
		{DC1A940C-3316-4C6E-A991-98F4521173C4}.Release|Any CPU.ActiveCfg = Release|Any CPU
		{DC1A940C-3316-4C6E-A991-98F4521173C4}.Release|Any CPU.Build.0 = Release|Any CPU
		{7030DAFA-32AC-4787-BAE5-D05B5CEDB035}.Debug|Any CPU.ActiveCfg = Debug|Any CPU
		{7030DAFA-32AC-4787-BAE5-D05B5CEDB035}.Debug|Any CPU.Build.0 = Debug|Any CPU
		{7030DAFA-32AC-4787-BAE5-D05B5CEDB035}.Release|Any CPU.ActiveCfg = Release|Any CPU
		{7030DAFA-32AC-4787-BAE5-D05B5CEDB035}.Release|Any CPU.Build.0 = Release|Any CPU
		{548534B7-B85D-4467-AA6B-7CC438CCA82C}.Debug|Any CPU.ActiveCfg = Debug|Any CPU
		{548534B7-B85D-4467-AA6B-7CC438CCA82C}.Debug|Any CPU.Build.0 = Debug|Any CPU
		{548534B7-B85D-4467-AA6B-7CC438CCA82C}.Release|Any CPU.ActiveCfg = Release|Any CPU
		{548534B7-B85D-4467-AA6B-7CC438CCA82C}.Release|Any CPU.Build.0 = Release|Any CPU
	EndGlobalSection
	GlobalSection(SolutionProperties) = preSolution
		HideSolutionNode = FALSE
	EndGlobalSection
	GlobalSection(ExtensibilityGlobals) = postSolution
		SolutionGuid = {C832B629-0AA7-4308-A27F-C3350B129651}
	EndGlobalSection
EndGlobal
