
Microsoft Visual Studio Solution File, Format Version 12.00
# Visual Studio 15
VisualStudioVersion = 15.0.27130.2020
MinimumVisualStudioVersion = 10.0.40219.1
Project("{FAE04EC0-301F-11D3-BF4B-00C04F79EFBC}") = "CapgeminiSample", "CapgeminiSample\CapgeminiSample.csproj", "{EA4EA54F-68C7-4C94-90C2-71F82F79396C}"
EndProject
Global
	GlobalSection(SolutionConfigurationPlatforms) = preSolution
		Debug|Any CPU = Debug|Any CPU
		Release|Any CPU = Release|Any CPU
	EndGlobalSection
	GlobalSection(ProjectConfigurationPlatforms) = postSolution
		{EA4EA54F-68C7-4C94-90C2-71F82F79396C}.Debug|Any CPU.ActiveCfg = Debug|Any CPU
		{EA4EA54F-68C7-4C94-90C2-71F82F79396C}.Debug|Any CPU.Build.0 = Debug|Any CPU
		{EA4EA54F-68C7-4C94-90C2-71F82F79396C}.Release|Any CPU.ActiveCfg = Release|Any CPU
		{EA4EA54F-68C7-4C94-90C2-71F82F79396C}.Release|Any CPU.Build.0 = Release|Any CPU
	EndGlobalSection
	GlobalSection(SolutionProperties) = preSolution
		HideSolutionNode = FALSE
	EndGlobalSection
	GlobalSection(ExtensibilityGlobals) = postSolution
		SolutionGuid = {C832B629-0AA7-4308-A27F-C3350B129651}
	EndGlobalSection
EndGlobal
